
Microsoft Visual Studio Solution File, Format Version 12.00
# Visual Studio Version 17
VisualStudioVersion = 17.4.33110.190
MinimumVisualStudioVersion = 10.0.40219.1
Project("{9A19103F-16F7-4668-BE54-9A1E7A4F7556}") = "WebUI", "WebUI\WebUI.csproj", "{35175C00-AD05-47CD-8463-E8E4A99F04E6}"
EndProject
Project("{9A19103F-16F7-4668-BE54-9A1E7A4F7556}") = "Core", "Core\Core.csproj", "{9DF0B1C9-4549-4C6B-B9E9-3ADB26421078}"
EndProject
Project("{9A19103F-16F7-4668-BE54-9A1E7A4F7556}") = "DataAccess", "DataAccess\DataAccess.csproj", "{9C61C756-AEBC-4821-9878-1E2740584970}"
EndProject
Global
	GlobalSection(SolutionConfigurationPlatforms) = preSolution
		Debug|Any CPU = Debug|Any CPU
		Release|Any CPU = Release|Any CPU
	EndGlobalSection
	GlobalSection(ProjectConfigurationPlatforms) = postSolution
		{35175C00-AD05-47CD-8463-E8E4A99F04E6}.Debug|Any CPU.ActiveCfg = Debug|Any CPU
		{35175C00-AD05-47CD-8463-E8E4A99F04E6}.Debug|Any CPU.Build.0 = Debug|Any CPU
		{35175C00-AD05-47CD-8463-E8E4A99F04E6}.Release|Any CPU.ActiveCfg = Release|Any CPU
		{35175C00-AD05-47CD-8463-E8E4A99F04E6}.Release|Any CPU.Build.0 = Release|Any CPU
		{9DF0B1C9-4549-4C6B-B9E9-3ADB26421078}.Debug|Any CPU.ActiveCfg = Debug|Any CPU
		{9DF0B1C9-4549-4C6B-B9E9-3ADB26421078}.Debug|Any CPU.Build.0 = Debug|Any CPU
		{9DF0B1C9-4549-4C6B-B9E9-3ADB26421078}.Release|Any CPU.ActiveCfg = Release|Any CPU
		{9DF0B1C9-4549-4C6B-B9E9-3ADB26421078}.Release|Any CPU.Build.0 = Release|Any CPU
		{9C61C756-AEBC-4821-9878-1E2740584970}.Debug|Any CPU.ActiveCfg = Debug|Any CPU
		{9C61C756-AEBC-4821-9878-1E2740584970}.Debug|Any CPU.Build.0 = Debug|Any CPU
		{9C61C756-AEBC-4821-9878-1E2740584970}.Release|Any CPU.ActiveCfg = Release|Any CPU
		{9C61C756-AEBC-4821-9878-1E2740584970}.Release|Any CPU.Build.0 = Release|Any CPU
	EndGlobalSection
	GlobalSection(SolutionProperties) = preSolution
		HideSolutionNode = FALSE
	EndGlobalSection
	GlobalSection(ExtensibilityGlobals) = postSolution
		SolutionGuid = {3B6262A5-2C97-4106-86A4-D2BD62791B9B}
	EndGlobalSection
EndGlobal
